dependencies:
- name: accounts-service
  repository: file://./charts/accounts-service
  version: 0.1.0
- name: cash-service
  repository: file://./charts/cash-service
  version: 0.1.0
- name: transfer-service
  repository: file://./charts/transfer-service
  version: 0.1.0
- name: notifications-service
  repository: file://./charts/notifications-service
  version: 0.1.0
- name: common-db
  repository: file://./charts/common-db
  version: 0.1.0
- name: keycloak
  repository: file://./charts/keycloak
  version: 0.1.0
- name: gateway-service
  repository: file://./charts/gateway-service
  version: 0.1.0
- name: my-bank-front-app
  repository: file://./charts/my-bank-front-app
  version: 0.1.0
- name: kafka
  repository: https://charts.bitnami.com/bitnami
  version: 32.4.3
- name: zipkin
  repository: file://./charts/zipkin
  version: 0.1.0
- name: prometheus
  repository: file://./charts/prometheus
  version: 0.1.0
- name: grafana
  repository: file://./charts/grafana
  version: 0.1.0
- name: elasticsearch
  repository: file://./charts/elasticsearch
  version: 0.1.0
- name: logstash
  repository: file://./charts/logstash
  version: 0.1.0
- name: kibana
  repository: file://./charts/kibana
  version: 0.1.0
digest: sha256:2d2d5cb8dc670921a5fe08a586efc4dd51cc0980a4774fc32b84f41c4dd56d11
generated: "2026-04-27T16:40:41.064943+03:00"
